
Microsoft Visual Studio Solution File, Format Version 12.00
# Visual Studio 15
Project("{FAE04EC0-301F-11D3-BF4B-00C04F79EFBC}") = "Oculus.Platform", "Oculus.Platform.csproj", "{E16BC269-D2BB-1D4B-C9AD-90D4DC75611E}"
EndProject
Project("{FAE04EC0-301F-11D3-BF4B-00C04F79EFBC}") = "Assembly-CSharp", "Assembly-CSharp.csproj", "{43F1F86F-B04E-9030-7370-7215F4923BC3}"
EndProject
Project("{FAE04EC0-301F-11D3-BF4B-00C04F79EFBC}") = "Meta.WitAi", "Meta.WitAi.csproj", "{A927AFB2-7F63-8D74-62BA-4183B125FC8A}"
EndProject
Project("{FAE04EC0-301F-11D3-BF4B-00C04F79EFBC}") = "Oculus.Interaction", "Oculus.Interaction.csproj", "{A986F2AF-E1C0-5C5C-FE1C-FBC90D596780}"
EndProject
Project("{FAE04EC0-301F-11D3-BF4B-00C04F79EFBC}") = "Oculus.VR", "Oculus.VR.csproj", "{6D3A7816-64B8-D9B6-8F36-08FDD1CDB374}"
EndProject
Project("{FAE04EC0-301F-11D3-BF4B-00C04F79EFBC}") = "VoiceSDK.Dictation.Runtime", "VoiceSDK.Dictation.Runtime.csproj", "{EDB5D616-CEE7-8595-A7D8-4CC931490360}"
EndProject
Project("{FAE04EC0-301F-11D3-BF4B-00C04F79EFBC}") = "Meta.WitAi.Lib", "Meta.WitAi.Lib.csproj", "{E7009819-A5BF-F772-1480-8F15EEBEF887}"
EndProject
Project("{FAE04EC0-301F-11D3-BF4B-00C04F79EFBC}") = "Meta.Voice.Hub.Runtime", "Meta.Voice.Hub.Runtime.csproj", "{CFBC5684-3664-B2E1-5B4E-29C25FE1336A}"
EndProject
Project("{FAE04EC0-301F-11D3-BF4B-00C04F79EFBC}") = "VoiceSDK.Runtime", "VoiceSDK.Runtime.csproj", "{528ED161-849B-7535-F505-5C1EE457DAD3}"
EndProject
Project("{FAE04EC0-301F-11D3-BF4B-00C04F79EFBC}") = "Oculus.Interaction.OVR.Samples", "Oculus.Interaction.OVR.Samples.csproj", "{F71EFA4F-1308-675F-8019-38DE822C8AB7}"
EndProject
Project("{FAE04EC0-301F-11D3-BF4B-00C04F79EFBC}") = "Meta.WitAi.TTS.Samples", "Meta.WitAi.TTS.Samples.csproj", "{B1AE2A5F-4821-4550-EBCA-5ECA17AED717}"
EndProject
Project("{FAE04EC0-301F-11D3-BF4B-00C04F79EFBC}") = "Oculus.Interaction.OVR", "Oculus.Interaction.OVR.csproj", "{765BE9F1-AF42-B76A-63C8-B621ABF23DFC}"
EndProject
Project("{FAE04EC0-301F-11D3-BF4B-00C04F79EFBC}") = "AssistantCoreSDKRuntime", "AssistantCoreSDKRuntime.csproj", "{AB3175A7-C496-B9AA-4C8A-61FC7BB35571}"
EndProject
Project("{FAE04EC0-301F-11D3-BF4B-00C04F79EFBC}") = "Meta.WitAi.Conduit", "Meta.WitAi.Conduit.csproj", "{DC41572D-D1A4-AEB4-7743-087FA6500095}"
EndProject
Project("{FAE04EC0-301F-11D3-BF4B-00C04F79EFBC}") = "Oculus.AudioManager", "Oculus.AudioManager.csproj", "{6EB6C830-B4E9-0444-54D9-84DE7479F695}"
EndProject
Project("{FAE04EC0-301F-11D3-BF4B-00C04F79EFBC}") = "Oculus.LipSync", "Oculus.LipSync.csproj", "{AC845569-0732-996C-F480-AC88DD79638D}"
EndProject
Project("{FAE04EC0-301F-11D3-BF4B-00C04F79EFBC}") = "Oculus.Spatializer", "Oculus.Spatializer.csproj", "{5400C533-FDA4-12DD-8668-4A8AAAF4FE5D}"
EndProject
Project("{FAE04EC0-301F-11D3-BF4B-00C04F79EFBC}") = "Meta.Voice.Samples.Shapes", "Meta.Voice.Samples.Shapes.csproj", "{CEC0CB66-3D0A-DC3C-0DE3-C79589946A12}"
EndProject
Project("{FAE04EC0-301F-11D3-BF4B-00C04F79EFBC}") = "Meta.WitAi.TTS", "Meta.WitAi.TTS.csproj", "{6505D103-F0E3-8072-6E3A-3559CDB9E76F}"
EndProject
Project("{FAE04EC0-301F-11D3-BF4B-00C04F79EFBC}") = "Meta.Voice.Samples.TTSVoices", "Meta.Voice.Samples.TTSVoices.csproj", "{644F3C97-0C83-10C0-794A-77FD160DF5FC}"
EndProject
Project("{FAE04EC0-301F-11D3-BF4B-00C04F79EFBC}") = "Meta.VoiceSDK.Mic.Other", "Meta.VoiceSDK.Mic.Other.csproj", "{FAE62EDF-E159-46B8-F89F-33727A9F5134}"
EndProject
Project("{FAE04EC0-301F-11D3-BF4B-00C04F79EFBC}") = "Meta.Voice.Samples.Chess", "Meta.Voice.Samples.Chess.csproj", "{6D385FB9-2364-B436-4B5F-292078B9B3EF}"
EndProject
Project("{FAE04EC0-301F-11D3-BF4B-00C04F79EFBC}") = "Meta.VoiceSDK.Mic.WebGL", "Meta.VoiceSDK.Mic.WebGL.csproj", "{2DE0F5DE-0FA8-E39A-5725-6EF6C16A0634}"
EndProject
Project("{FAE04EC0-301F-11D3-BF4B-00C04F79EFBC}") = "Meta.VoiceSDK.Mic.Common", "Meta.VoiceSDK.Mic.Common.csproj", "{9CF37005-D789-141B-9660-62D28C04457C}"
EndProject
Project("{FAE04EC0-301F-11D3-BF4B-00C04F79EFBC}") = "Facebook.Wit.Dictation", "Facebook.Wit.Dictation.csproj", "{DFF88897-5F60-7438-2BFC-AE10DA141C3F}"
EndProject
Project("{FAE04EC0-301F-11D3-BF4B-00C04F79EFBC}") = "Meta.Voice.Samples.LightTraits", "Meta.Voice.Samples.LightTraits.csproj", "{D9E9E8E5-3D2E-9615-E67D-43D4CCCE9165}"
EndProject
Project("{FAE04EC0-301F-11D3-BF4B-00C04F79EFBC}") = "Meta.Voice.Samples.ShapesConduit", "Meta.Voice.Samples.ShapesConduit.csproj", "{FF012F32-79E0-AE2B-946F-C23EFBEEA555}"
EndProject
Project("{FAE04EC0-301F-11D3-BF4B-00C04F79EFBC}") = "Meta.Voice.Samples.BuiltInTimer", "Meta.Voice.Samples.BuiltInTimer.csproj", "{F3563ADB-CC81-B3BF-107F-5E9C6277ACF9}"
EndProject
Project("{FAE04EC0-301F-11D3-BF4B-00C04F79EFBC}") = "Meta.Voice.Samples.LiveUnderstanding", "Meta.Voice.Samples.LiveUnderstanding.csproj", "{7F2CB5FC-0575-B8E8-FF47-449F7A3AC3E2}"
EndProject
Project("{FAE04EC0-301F-11D3-BF4B-00C04F79EFBC}") = "VoiceSDK.Dictation.Samples", "VoiceSDK.Dictation.Samples.csproj", "{3747E144-B7C7-4F54-E11B-B539B321EE27}"
EndProject
Project("{FAE04EC0-301F-11D3-BF4B-00C04F79EFBC}") = "Meta.WitAi.Editor", "Meta.WitAi.Editor.csproj", "{88F52390-878B-9FDC-9E21-280FDA1E3772}"
EndProject
Project("{FAE04EC0-301F-11D3-BF4B-00C04F79EFBC}") = "Meta.WitAI.Lib.Editor", "Meta.WitAI.Lib.Editor.csproj", "{E9D45166-CE1D-DC57-70C2-7A2AB9F001B2}"
EndProject
Project("{FAE04EC0-301F-11D3-BF4B-00C04F79EFBC}") = "Oculus.VR.Editor", "Oculus.VR.Editor.csproj", "{1338FB7E-F910-C3B1-4736-1721C1B2D085}"
EndProject
Project("{FAE04EC0-301F-11D3-BF4B-00C04F79EFBC}") = "Meta.WitAi.Conduit.Editor", "Meta.WitAi.Conduit.Editor.csproj", "{9B52B01A-B932-4A19-2842-40A7678B20D5}"
EndProject
Project("{FAE04EC0-301F-11D3-BF4B-00C04F79EFBC}") = "Meta.Voice.Hub.Editor", "Meta.Voice.Hub.Editor.csproj", "{3BC1D595-4939-EBB1-2E0A-90D39C73CFF8}"
EndProject
Project("{FAE04EC0-301F-11D3-BF4B-00C04F79EFBC}") = "Oculus.Interaction.Editor", "Oculus.Interaction.Editor.csproj", "{D3716E4D-0A75-16B9-7DEE-EEF81F24198D}"
EndProject
Project("{FAE04EC0-301F-11D3-BF4B-00C04F79EFBC}") = "Oculus.Interaction.OVR.Editor", "Oculus.Interaction.OVR.Editor.csproj", "{D566AEEC-CF7A-7740-9855-A10A3C80F557}"
EndProject
Project("{FAE04EC0-301F-11D3-BF4B-00C04F79EFBC}") = "Assembly-CSharp-Editor", "Assembly-CSharp-Editor.csproj", "{5EF1666E-EA93-A43E-CEA1-68B83E041A69}"
EndProject
Project("{FAE04EC0-301F-11D3-BF4B-00C04F79EFBC}") = "Oculus.VR.Scripts.Editor", "Oculus.VR.Scripts.Editor.csproj", "{FA642790-CC1E-AEDC-E590-5F266B6AE352}"
EndProject
Project("{FAE04EC0-301F-11D3-BF4B-00C04F79EFBC}") = "Oculus.Spatializer.Editor", "Oculus.Spatializer.Editor.csproj", "{E26D153E-51D0-A5DF-9C68-10EA69A6F710}"
EndProject
Project("{FAE04EC0-301F-11D3-BF4B-00C04F79EFBC}") = "Meta.WitAi.TTS.Editor", "Meta.WitAi.TTS.Editor.csproj", "{DFBC04E6-ECF1-B3D1-C471-3B528AA130FD}"
EndProject
Project("{FAE04EC0-301F-11D3-BF4B-00C04F79EFBC}") = "VoiceSDK.Dictation.Editor", "VoiceSDK.Dictation.Editor.csproj", "{E33ED505-5878-1ADE-D41E-BBEBE9161A91}"
EndProject
Project("{FAE04EC0-301F-11D3-BF4B-00C04F79EFBC}") = "Oculus.Platform.Editor", "Oculus.Platform.Editor.csproj", "{D42ED101-96E8-83D7-FA0F-DEA211D04CC8}"
EndProject
Project("{FAE04EC0-301F-11D3-BF4B-00C04F79EFBC}") = "VoiceSDK.Editor", "VoiceSDK.Editor.csproj", "{F0DC0D5A-4245-8461-45FD-DF1BA9A4B782}"
EndProject
Project("{FAE04EC0-301F-11D3-BF4B-00C04F79EFBC}") = "Oculus.AudioManager.Audio.Editor", "Oculus.AudioManager.Audio.Editor.csproj", "{3EA0852C-A6E2-52FB-E3CD-6CFDB26903AD}"
EndProject
Project("{FAE04EC0-301F-11D3-BF4B-00C04F79EFBC}") = "Oculus.LipSync.Editor", "Oculus.LipSync.Editor.csproj", "{912CCEDE-2045-4FCB-63F3-12070BF43A0D}"
EndProject
Project("{FAE04EC0-301F-11D3-BF4B-00C04F79EFBC}") = "Oculus.AudioManager.Utils.Editor", "Oculus.AudioManager.Utils.Editor.csproj", "{C02D63E6-860F-BA6C-D058-0CFF51CD5983}"
EndProject
Project("{FAE04EC0-301F-11D3-BF4B-00C04F79EFBC}") = "Oculus.Interaction.Samples.Editor", "Oculus.Interaction.Samples.Editor.csproj", "{0847FFAD-F2F4-AEF3-80CD-4FE2CDF84DEE}"
EndProject
Project("{FAE04EC0-301F-11D3-BF4B-00C04F79EFBC}") = "Facebook.Wit.Dictation.Editor", "Facebook.Wit.Dictation.Editor.csproj", "{706B6D34-6FB8-B48C-3821-2D990AF0DF07}"
EndProject
Project("{FAE04EC0-301F-11D3-BF4B-00C04F79EFBC}") = "Oculus.Interaction.InterfaceSupport", "Oculus.Interaction.InterfaceSupport.csproj", "{970A3ADE-1C31-C53B-CB35-685FADD29E37}"
EndProject
Project("{FAE04EC0-301F-11D3-BF4B-00C04F79EFBC}") = "Meta.Voice.VSDKHub.Editor", "Meta.Voice.VSDKHub.Editor.csproj", "{EAE27B41-F3D4-5165-503B-381BECC4DA59}"
EndProject
Project("{FAE04EC0-301F-11D3-BF4B-00C04F79EFBC}") = "AssistantCoreSDKEditor", "AssistantCoreSDKEditor.csproj", "{90D2AAAA-6023-5CD6-A44A-AEEEADDB986F}"
EndProject
Global
	GlobalSection(SolutionConfigurationPlatforms) = preSolution
		Debug|Any CPU = Debug|Any CPU
		Release|Any CPU = Release|Any CPU
	EndGlobalSection
	GlobalSection(ProjectConfigurationPlatforms) = postSolution
		{E16BC269-D2BB-1D4B-C9AD-90D4DC75611E}.Debug|Any CPU.ActiveCfg = Debug|Any CPU
		{E16BC269-D2BB-1D4B-C9AD-90D4DC75611E}.Debug|Any CPU.Build.0 = Debug|Any CPU
		{E16BC269-D2BB-1D4B-C9AD-90D4DC75611E}.Release|Any CPU.ActiveCfg = Release|Any CPU
		{E16BC269-D2BB-1D4B-C9AD-90D4DC75611E}.Release|Any CPU.Build.0 = Release|Any CPU
		{43F1F86F-B04E-9030-7370-7215F4923BC3}.Debug|Any CPU.ActiveCfg = Debug|Any CPU
		{43F1F86F-B04E-9030-7370-7215F4923BC3}.Debug|Any CPU.Build.0 = Debug|Any CPU
		{43F1F86F-B04E-9030-7370-7215F4923BC3}.Release|Any CPU.ActiveCfg = Release|Any CPU
		{43F1F86F-B04E-9030-7370-7215F4923BC3}.Release|Any CPU.Build.0 = Release|Any CPU
		{A927AFB2-7F63-8D74-62BA-4183B125FC8A}.Debug|Any CPU.ActiveCfg = Debug|Any CPU
		{A927AFB2-7F63-8D74-62BA-4183B125FC8A}.Debug|Any CPU.Build.0 = Debug|Any CPU
		{A927AFB2-7F63-8D74-62BA-4183B125FC8A}.Release|Any CPU.ActiveCfg = Release|Any CPU
		{A927AFB2-7F63-8D74-62BA-4183B125FC8A}.Release|Any CPU.Build.0 = Release|Any CPU
		{A986F2AF-E1C0-5C5C-FE1C-FBC90D596780}.Debug|Any CPU.ActiveCfg = Debug|Any CPU
		{A986F2AF-E1C0-5C5C-FE1C-FBC90D596780}.Debug|Any CPU.Build.0 = Debug|Any CPU
		{A986F2AF-E1C0-5C5C-FE1C-FBC90D596780}.Release|Any CPU.ActiveCfg = Release|Any CPU
		{A986F2AF-E1C0-5C5C-FE1C-FBC90D596780}.Release|Any CPU.Build.0 = Release|Any CPU
		{6D3A7816-64B8-D9B6-8F36-08FDD1CDB374}.Debug|Any CPU.ActiveCfg = Debug|Any CPU
		{6D3A7816-64B8-D9B6-8F36-08FDD1CDB374}.Debug|Any CPU.Build.0 = Debug|Any CPU
		{6D3A7816-64B8-D9B6-8F36-08FDD1CDB374}.Release|Any CPU.ActiveCfg = Release|Any CPU
		{6D3A7816-64B8-D9B6-8F36-08FDD1CDB374}.Release|Any CPU.Build.0 = Release|Any CPU
		{EDB5D616-CEE7-8595-A7D8-4CC931490360}.Debug|Any CPU.ActiveCfg = Debug|Any CPU
		{EDB5D616-CEE7-8595-A7D8-4CC931490360}.Debug|Any CPU.Build.0 = Debug|Any CPU
		{EDB5D616-CEE7-8595-A7D8-4CC931490360}.Release|Any CPU.ActiveCfg = Release|Any CPU
		{EDB5D616-CEE7-8595-A7D8-4CC931490360}.Release|Any CPU.Build.0 = Release|Any CPU
		{E7009819-A5BF-F772-1480-8F15EEBEF887}.Debug|Any CPU.ActiveCfg = Debug|Any CPU
		{E7009819-A5BF-F772-1480-8F15EEBEF887}.Debug|Any CPU.Build.0 = Debug|Any CPU
		{E7009819-A5BF-F772-1480-8F15EEBEF887}.Release|Any CPU.ActiveCfg = Release|Any CPU
		{E7009819-A5BF-F772-1480-8F15EEBEF887}.Release|Any CPU.Build.0 = Release|Any CPU
		{CFBC5684-3664-B2E1-5B4E-29C25FE1336A}.Debug|Any CPU.ActiveCfg = Debug|Any CPU
		{CFBC5684-3664-B2E1-5B4E-29C25FE1336A}.Debug|Any CPU.Build.0 = Debug|Any CPU
		{CFBC5684-3664-B2E1-5B4E-29C25FE1336A}.Release|Any CPU.ActiveCfg = Release|Any CPU
		{CFBC5684-3664-B2E1-5B4E-29C25FE1336A}.Release|Any CPU.Build.0 = Release|Any CPU
		{528ED161-849B-7535-F505-5C1EE457DAD3}.Debug|Any CPU.ActiveCfg = Debug|Any CPU
		{528ED161-849B-7535-F505-5C1EE457DAD3}.Debug|Any CPU.Build.0 = Debug|Any CPU
		{528ED161-849B-7535-F505-5C1EE457DAD3}.Release|Any CPU.ActiveCfg = Release|Any CPU
		{528ED161-849B-7535-F505-5C1EE457DAD3}.Release|Any CPU.Build.0 = Release|Any CPU
		{F71EFA4F-1308-675F-8019-38DE822C8AB7}.Debug|Any CPU.ActiveCfg = Debug|Any CPU
		{F71EFA4F-1308-675F-8019-38DE822C8AB7}.Debug|Any CPU.Build.0 = Debug|Any CPU
		{F71EFA4F-1308-675F-8019-38DE822C8AB7}.Release|Any CPU.ActiveCfg = Release|Any CPU
		{F71EFA4F-1308-675F-8019-38DE822C8AB7}.Release|Any CPU.Build.0 = Release|Any CPU
		{B1AE2A5F-4821-4550-EBCA-5ECA17AED717}.Debug|Any CPU.ActiveCfg = Debug|Any CPU
		{B1AE2A5F-4821-4550-EBCA-5ECA17AED717}.Debug|Any CPU.Build.0 = Debug|Any CPU
		{B1AE2A5F-4821-4550-EBCA-5ECA17AED717}.Release|Any CPU.ActiveCfg = Release|Any CPU
		{B1AE2A5F-4821-4550-EBCA-5ECA17AED717}.Release|Any CPU.Build.0 = Release|Any CPU
		{765BE9F1-AF42-B76A-63C8-B621ABF23DFC}.Debug|Any CPU.ActiveCfg = Debug|Any CPU
		{765BE9F1-AF42-B76A-63C8-B621ABF23DFC}.Debug|Any CPU.Build.0 = Debug|Any CPU
		{765BE9F1-AF42-B76A-63C8-B621ABF23DFC}.Release|Any CPU.ActiveCfg = Release|Any CPU
		{765BE9F1-AF42-B76A-63C8-B621ABF23DFC}.Release|Any CPU.Build.0 = Release|Any CPU
		{AB3175A7-C496-B9AA-4C8A-61FC7BB35571}.Debug|Any CPU.ActiveCfg = Debug|Any CPU
		{AB3175A7-C496-B9AA-4C8A-61FC7BB35571}.Debug|Any CPU.Build.0 = Debug|Any CPU
		{AB3175A7-C496-B9AA-4C8A-61FC7BB35571}.Release|Any CPU.ActiveCfg = Release|Any CPU
		{AB3175A7-C496-B9AA-4C8A-61FC7BB35571}.Release|Any CPU.Build.0 = Release|Any CPU
		{DC41572D-D1A4-AEB4-7743-087FA6500095}.Debug|Any CPU.ActiveCfg = Debug|Any CPU
		{DC41572D-D1A4-AEB4-7743-087FA6500095}.Debug|Any CPU.Build.0 = Debug|Any CPU
		{DC41572D-D1A4-AEB4-7743-087FA6500095}.Release|Any CPU.ActiveCfg = Release|Any CPU
		{DC41572D-D1A4-AEB4-7743-087FA6500095}.Release|Any CPU.Build.0 = Release|Any CPU
		{6EB6C830-B4E9-0444-54D9-84DE7479F695}.Debug|Any CPU.ActiveCfg = Debug|Any CPU
		{6EB6C830-B4E9-0444-54D9-84DE7479F695}.Debug|Any CPU.Build.0 = Debug|Any CPU
		{6EB6C830-B4E9-0444-54D9-84DE7479F695}.Release|Any CPU.ActiveCfg = Release|Any CPU
		{6EB6C830-B4E9-0444-54D9-84DE7479F695}.Release|Any CPU.Build.0 = Release|Any CPU
		{AC845569-0732-996C-F480-AC88DD79638D}.Debug|Any CPU.ActiveCfg = Debug|Any CPU
		{AC845569-0732-996C-F480-AC88DD79638D}.Debug|Any CPU.Build.0 = Debug|Any CPU
		{AC845569-0732-996C-F480-AC88DD79638D}.Release|Any CPU.ActiveCfg = Release|Any CPU
		{AC845569-0732-996C-F480-AC88DD79638D}.Release|Any CPU.Build.0 = Release|Any CPU
		{5400C533-FDA4-12DD-8668-4A8AAAF4FE5D}.Debug|Any CPU.ActiveCfg = Debug|Any CPU
		{5400C533-FDA4-12DD-8668-4A8AAAF4FE5D}.Debug|Any CPU.Build.0 = Debug|Any CPU
		{5400C533-FDA4-12DD-8668-4A8AAAF4FE5D}.Release|Any CPU.ActiveCfg = Release|Any CPU
		{5400C533-FDA4-12DD-8668-4A8AAAF4FE5D}.Release|Any CPU.Build.0 = Release|Any CPU
		{CEC0CB66-3D0A-DC3C-0DE3-C79589946A12}.Debug|Any CPU.ActiveCfg = Debug|Any CPU
		{CEC0CB66-3D0A-DC3C-0DE3-C79589946A12}.Debug|Any CPU.Build.0 = Debug|Any CPU
		{CEC0CB66-3D0A-DC3C-0DE3-C79589946A12}.Release|Any CPU.ActiveCfg = Release|Any CPU
		{CEC0CB66-3D0A-DC3C-0DE3-C79589946A12}.Release|Any CPU.Build.0 = Release|Any CPU
		{6505D103-F0E3-8072-6E3A-3559CDB9E76F}.Debug|Any CPU.ActiveCfg = Debug|Any CPU
		{6505D103-F0E3-8072-6E3A-3559CDB9E76F}.Debug|Any CPU.Build.0 = Debug|Any CPU
		{6505D103-F0E3-8072-6E3A-3559CDB9E76F}.Release|Any CPU.ActiveCfg = Release|Any CPU
		{6505D103-F0E3-8072-6E3A-3559CDB9E76F}.Release|Any CPU.Build.0 = Release|Any CPU
		{644F3C97-0C83-10C0-794A-77FD160DF5FC}.Debug|Any CPU.ActiveCfg = Debug|Any CPU
		{644F3C97-0C83-10C0-794A-77FD160DF5FC}.Debug|Any CPU.Build.0 = Debug|Any CPU
		{644F3C97-0C83-10C0-794A-77FD160DF5FC}.Release|Any CPU.ActiveCfg = Release|Any CPU
		{644F3C97-0C83-10C0-794A-77FD160DF5FC}.Release|Any CPU.Build.0 = Release|Any CPU
		{FAE62EDF-E159-46B8-F89F-33727A9F5134}.Debug|Any CPU.ActiveCfg = Debug|Any CPU
		{FAE62EDF-E159-46B8-F89F-33727A9F5134}.Debug|Any CPU.Build.0 = Debug|Any CPU
		{FAE62EDF-E159-46B8-F89F-33727A9F5134}.Release|Any CPU.ActiveCfg = Release|Any CPU
		{FAE62EDF-E159-46B8-F89F-33727A9F5134}.Release|Any CPU.Build.0 = Release|Any CPU
		{6D385FB9-2364-B436-4B5F-292078B9B3EF}.Debug|Any CPU.ActiveCfg = Debug|Any CPU
		{6D385FB9-2364-B436-4B5F-292078B9B3EF}.Debug|Any CPU.Build.0 = Debug|Any CPU
		{6D385FB9-2364-B436-4B5F-292078B9B3EF}.Release|Any CPU.ActiveCfg = Release|Any CPU
		{6D385FB9-2364-B436-4B5F-292078B9B3EF}.Release|Any CPU.Build.0 = Release|Any CPU
		{2DE0F5DE-0FA8-E39A-5725-6EF6C16A0634}.Debug|Any CPU.ActiveCfg = Debug|Any CPU
		{2DE0F5DE-0FA8-E39A-5725-6EF6C16A0634}.Debug|Any CPU.Build.0 = Debug|Any CPU
		{2DE0F5DE-0FA8-E39A-5725-6EF6C16A0634}.Release|Any CPU.ActiveCfg = Release|Any CPU
		{2DE0F5DE-0FA8-E39A-5725-6EF6C16A0634}.Release|Any CPU.Build.0 = Release|Any CPU
		{9CF37005-D789-141B-9660-62D28C04457C}.Debug|Any CPU.ActiveCfg = Debug|Any CPU
		{9CF37005-D789-141B-9660-62D28C04457C}.Debug|Any CPU.Build.0 = Debug|Any CPU
		{9CF37005-D789-141B-9660-62D28C04457C}.Release|Any CPU.ActiveCfg = Release|Any CPU
		{9CF37005-D789-141B-9660-62D28C04457C}.Release|Any CPU.Build.0 = Release|Any CPU
		{DFF88897-5F60-7438-2BFC-AE10DA141C3F}.Debug|Any CPU.ActiveCfg = Debug|Any CPU
		{DFF88897-5F60-7438-2BFC-AE10DA141C3F}.Debug|Any CPU.Build.0 = Debug|Any CPU
		{DFF88897-5F60-7438-2BFC-AE10DA141C3F}.Release|Any CPU.ActiveCfg = Release|Any CPU
		{DFF88897-5F60-7438-2BFC-AE10DA141C3F}.Release|Any CPU.Build.0 = Release|Any CPU
		{D9E9E8E5-3D2E-9615-E67D-43D4CCCE9165}.Debug|Any CPU.ActiveCfg = Debug|Any CPU
		{D9E9E8E5-3D2E-9615-E67D-43D4CCCE9165}.Debug|Any CPU.Build.0 = Debug|Any CPU
		{D9E9E8E5-3D2E-9615-E67D-43D4CCCE9165}.Release|Any CPU.ActiveCfg = Release|Any CPU
		{D9E9E8E5-3D2E-9615-E67D-43D4CCCE9165}.Release|Any CPU.Build.0 = Release|Any CPU
		{FF012F32-79E0-AE2B-946F-C23EFBEEA555}.Debug|Any CPU.ActiveCfg = Debug|Any CPU
		{FF012F32-79E0-AE2B-946F-C23EFBEEA555}.Debug|Any CPU.Build.0 = Debug|Any CPU
		{FF012F32-79E0-AE2B-946F-C23EFBEEA555}.Release|Any CPU.ActiveCfg = Release|Any CPU
		{FF012F32-79E0-AE2B-946F-C23EFBEEA555}.Release|Any CPU.Build.0 = Release|Any CPU
		{F3563ADB-CC81-B3BF-107F-5E9C6277ACF9}.Debug|Any CPU.ActiveCfg = Debug|Any CPU
		{F3563ADB-CC81-B3BF-107F-5E9C6277ACF9}.Debug|Any CPU.Build.0 = Debug|Any CPU
		{F3563ADB-CC81-B3BF-107F-5E9C6277ACF9}.Release|Any CPU.ActiveCfg = Release|Any CPU
		{F3563ADB-CC81-B3BF-107F-5E9C6277ACF9}.Release|Any CPU.Build.0 = Release|Any CPU
		{7F2CB5FC-0575-B8E8-FF47-449F7A3AC3E2}.Debug|Any CPU.ActiveCfg = Debug|Any CPU
		{7F2CB5FC-0575-B8E8-FF47-449F7A3AC3E2}.Debug|Any CPU.Build.0 = Debug|Any CPU
		{7F2CB5FC-0575-B8E8-FF47-449F7A3AC3E2}.Release|Any CPU.ActiveCfg = Release|Any CPU
		{7F2CB5FC-0575-B8E8-FF47-449F7A3AC3E2}.Release|Any CPU.Build.0 = Release|Any CPU
		{3747E144-B7C7-4F54-E11B-B539B321EE27}.Debug|Any CPU.ActiveCfg = Debug|Any CPU
		{3747E144-B7C7-4F54-E11B-B539B321EE27}.Debug|Any CPU.Build.0 = Debug|Any CPU
		{3747E144-B7C7-4F54-E11B-B539B321EE27}.Release|Any CPU.ActiveCfg = Release|Any CPU
		{3747E144-B7C7-4F54-E11B-B539B321EE27}.Release|Any CPU.Build.0 = Release|Any CPU
		{88F52390-878B-9FDC-9E21-280FDA1E3772}.Debug|Any CPU.ActiveCfg = Debug|Any CPU
		{88F52390-878B-9FDC-9E21-280FDA1E3772}.Debug|Any CPU.Build.0 = Debug|Any CPU
		{88F52390-878B-9FDC-9E21-280FDA1E3772}.Release|Any CPU.ActiveCfg = Release|Any CPU
		{88F52390-878B-9FDC-9E21-280FDA1E3772}.Release|Any CPU.Build.0 = Release|Any CPU
		{E9D45166-CE1D-DC57-70C2-7A2AB9F001B2}.Debug|Any CPU.ActiveCfg = Debug|Any CPU
		{E9D45166-CE1D-DC57-70C2-7A2AB9F001B2}.Debug|Any CPU.Build.0 = Debug|Any CPU
		{E9D45166-CE1D-DC57-70C2-7A2AB9F001B2}.Release|Any CPU.ActiveCfg = Release|Any CPU
		{E9D45166-CE1D-DC57-70C2-7A2AB9F001B2}.Release|Any CPU.Build.0 = Release|Any CPU
		{1338FB7E-F910-C3B1-4736-1721C1B2D085}.Debug|Any CPU.ActiveCfg = Debug|Any CPU
		{1338FB7E-F910-C3B1-4736-1721C1B2D085}.Debug|Any CPU.Build.0 = Debug|Any CPU
		{1338FB7E-F910-C3B1-4736-1721C1B2D085}.Release|Any CPU.ActiveCfg = Release|Any CPU
		{1338FB7E-F910-C3B1-4736-1721C1B2D085}.Release|Any CPU.Build.0 = Release|Any CPU
		{9B52B01A-B932-4A19-2842-40A7678B20D5}.Debug|Any CPU.ActiveCfg = Debug|Any CPU
		{9B52B01A-B932-4A19-2842-40A7678B20D5}.Debug|Any CPU.Build.0 = Debug|Any CPU
		{9B52B01A-B932-4A19-2842-40A7678B20D5}.Release|Any CPU.ActiveCfg = Release|Any CPU
		{9B52B01A-B932-4A19-2842-40A7678B20D5}.Release|Any CPU.Build.0 = Release|Any CPU
		{3BC1D595-4939-EBB1-2E0A-90D39C73CFF8}.Debug|Any CPU.ActiveCfg = Debug|Any CPU
		{3BC1D595-4939-EBB1-2E0A-90D39C73CFF8}.Debug|Any CPU.Build.0 = Debug|Any CPU
		{3BC1D595-4939-EBB1-2E0A-90D39C73CFF8}.Release|Any CPU.ActiveCfg = Release|Any CPU
		{3BC1D595-4939-EBB1-2E0A-90D39C73CFF8}.Release|Any CPU.Build.0 = Release|Any CPU
		{D3716E4D-0A75-16B9-7DEE-EEF81F24198D}.Debug|Any CPU.ActiveCfg = Debug|Any CPU
		{D3716E4D-0A75-16B9-7DEE-EEF81F24198D}.Debug|Any CPU.Build.0 = Debug|Any CPU
		{D3716E4D-0A75-16B9-7DEE-EEF81F24198D}.Release|Any CPU.ActiveCfg = Release|Any CPU
		{D3716E4D-0A75-16B9-7DEE-EEF81F24198D}.Release|Any CPU.Build.0 = Release|Any CPU
		{D566AEEC-CF7A-7740-9855-A10A3C80F557}.Debug|Any CPU.ActiveCfg = Debug|Any CPU
		{D566AEEC-CF7A-7740-9855-A10A3C80F557}.Debug|Any CPU.Build.0 = Debug|Any CPU
		{D566AEEC-CF7A-7740-9855-A10A3C80F557}.Release|Any CPU.ActiveCfg = Release|Any CPU
		{D566AEEC-CF7A-7740-9855-A10A3C80F557}.Release|Any CPU.Build.0 = Release|Any CPU
		{5EF1666E-EA93-A43E-CEA1-68B83E041A69}.Debug|Any CPU.ActiveCfg = Debug|Any CPU
		{5EF1666E-EA93-A43E-CEA1-68B83E041A69}.Debug|Any CPU.Build.0 = Debug|Any CPU
		{5EF1666E-EA93-A43E-CEA1-68B83E041A69}.Release|Any CPU.ActiveCfg = Release|Any CPU
		{5EF1666E-EA93-A43E-CEA1-68B83E041A69}.Release|Any CPU.Build.0 = Release|Any CPU
		{FA642790-CC1E-AEDC-E590-5F266B6AE352}.Debug|Any CPU.ActiveCfg = Debug|Any CPU
		{FA642790-CC1E-AEDC-E590-5F266B6AE352}.Debug|Any CPU.Build.0 = Debug|Any CPU
		{FA642790-CC1E-AEDC-E590-5F266B6AE352}.Release|Any CPU.ActiveCfg = Release|Any CPU
		{FA642790-CC1E-AEDC-E590-5F266B6AE352}.Release|Any CPU.Build.0 = Release|Any CPU
		{E26D153E-51D0-A5DF-9C68-10EA69A6F710}.Debug|Any CPU.ActiveCfg = Debug|Any CPU
		{E26D153E-51D0-A5DF-9C68-10EA69A6F710}.Debug|Any CPU.Build.0 = Debug|Any CPU
		{E26D153E-51D0-A5DF-9C68-10EA69A6F710}.Release|Any CPU.ActiveCfg = Release|Any CPU
		{E26D153E-51D0-A5DF-9C68-10EA69A6F710}.Release|Any CPU.Build.0 = Release|Any CPU
		{DFBC04E6-ECF1-B3D1-C471-3B528AA130FD}.Debug|Any CPU.ActiveCfg = Debug|Any CPU
		{DFBC04E6-ECF1-B3D1-C471-3B528AA130FD}.Debug|Any CPU.Build.0 = Debug|Any CPU
		{DFBC04E6-ECF1-B3D1-C471-3B528AA130FD}.Release|Any CPU.ActiveCfg = Release|Any CPU
		{DFBC04E6-ECF1-B3D1-C471-3B528AA130FD}.Release|Any CPU.Build.0 = Release|Any CPU
		{E33ED505-5878-1ADE-D41E-BBEBE9161A91}.Debug|Any CPU.ActiveCfg = Debug|Any CPU
		{E33ED505-5878-1ADE-D41E-BBEBE9161A91}.Debug|Any CPU.Build.0 = Debug|Any CPU
		{E33ED505-5878-1ADE-D41E-BBEBE9161A91}.Release|Any CPU.ActiveCfg = Release|Any CPU
		{E33ED505-5878-1ADE-D41E-BBEBE9161A91}.Release|Any CPU.Build.0 = Release|Any CPU
		{D42ED101-96E8-83D7-FA0F-DEA211D04CC8}.Debug|Any CPU.ActiveCfg = Debug|Any CPU
		{D42ED101-96E8-83D7-FA0F-DEA211D04CC8}.Debug|Any CPU.Build.0 = Debug|Any CPU
		{D42ED101-96E8-83D7-FA0F-DEA211D04CC8}.Release|Any CPU.ActiveCfg = Release|Any CPU
		{D42ED101-96E8-83D7-FA0F-DEA211D04CC8}.Release|Any CPU.Build.0 = Release|Any CPU
		{F0DC0D5A-4245-8461-45FD-DF1BA9A4B782}.Debug|Any CPU.ActiveCfg = Debug|Any CPU
		{F0DC0D5A-4245-8461-45FD-DF1BA9A4B782}.Debug|Any CPU.Build.0 = Debug|Any CPU
		{F0DC0D5A-4245-8461-45FD-DF1BA9A4B782}.Release|Any CPU.ActiveCfg = Release|Any CPU
		{F0DC0D5A-4245-8461-45FD-DF1BA9A4B782}.Release|Any CPU.Build.0 = Release|Any CPU
		{3EA0852C-A6E2-52FB-E3CD-6CFDB26903AD}.Debug|Any CPU.ActiveCfg = Debug|Any CPU
		{3EA0852C-A6E2-52FB-E3CD-6CFDB26903AD}.Debug|Any CPU.Build.0 = Debug|Any CPU
		{3EA0852C-A6E2-52FB-E3CD-6CFDB26903AD}.Release|Any CPU.ActiveCfg = Release|Any CPU
		{3EA0852C-A6E2-52FB-E3CD-6CFDB26903AD}.Release|Any CPU.Build.0 = Release|Any CPU
		{912CCEDE-2045-4FCB-63F3-12070BF43A0D}.Debug|Any CPU.ActiveCfg = Debug|Any CPU
		{912CCEDE-2045-4FCB-63F3-12070BF43A0D}.Debug|Any CPU.Build.0 = Debug|Any CPU
		{912CCEDE-2045-4FCB-63F3-12070BF43A0D}.Release|Any CPU.ActiveCfg = Release|Any CPU
		{912CCEDE-2045-4FCB-63F3-12070BF43A0D}.Release|Any CPU.Build.0 = Release|Any CPU
		{C02D63E6-860F-BA6C-D058-0CFF51CD5983}.Debug|Any CPU.ActiveCfg = Debug|Any CPU
		{C02D63E6-860F-BA6C-D058-0CFF51CD5983}.Debug|Any CPU.Build.0 = Debug|Any CPU
		{C02D63E6-860F-BA6C-D058-0CFF51CD5983}.Release|Any CPU.ActiveCfg = Release|Any CPU
		{C02D63E6-860F-BA6C-D058-0CFF51CD5983}.Release|Any CPU.Build.0 = Release|Any CPU
		{0847FFAD-F2F4-AEF3-80CD-4FE2CDF84DEE}.Debug|Any CPU.ActiveCfg = Debug|Any CPU
		{0847FFAD-F2F4-AEF3-80CD-4FE2CDF84DEE}.Debug|Any CPU.Build.0 = Debug|Any CPU
		{0847FFAD-F2F4-AEF3-80CD-4FE2CDF84DEE}.Release|Any CPU.ActiveCfg = Release|Any CPU
		{0847FFAD-F2F4-AEF3-80CD-4FE2CDF84DEE}.Release|Any CPU.Build.0 = Release|Any CPU
		{706B6D34-6FB8-B48C-3821-2D990AF0DF07}.Debug|Any CPU.ActiveCfg = Debug|Any CPU
		{706B6D34-6FB8-B48C-3821-2D990AF0DF07}.Debug|Any CPU.Build.0 = Debug|Any CPU
		{706B6D34-6FB8-B48C-3821-2D990AF0DF07}.Release|Any CPU.ActiveCfg = Release|Any CPU
		{706B6D34-6FB8-B48C-3821-2D990AF0DF07}.Release|Any CPU.Build.0 = Release|Any CPU
		{970A3ADE-1C31-C53B-CB35-685FADD29E37}.Debug|Any CPU.ActiveCfg = Debug|Any CPU
		{970A3ADE-1C31-C53B-CB35-685FADD29E37}.Debug|Any CPU.Build.0 = Debug|Any CPU
		{970A3ADE-1C31-C53B-CB35-685FADD29E37}.Release|Any CPU.ActiveCfg = Release|Any CPU
		{970A3ADE-1C31-C53B-CB35-685FADD29E37}.Release|Any CPU.Build.0 = Release|Any CPU
		{EAE27B41-F3D4-5165-503B-381BECC4DA59}.Debug|Any CPU.ActiveCfg = Debug|Any CPU
		{EAE27B41-F3D4-5165-503B-381BECC4DA59}.Debug|Any CPU.Build.0 = Debug|Any CPU
		{EAE27B41-F3D4-5165-503B-381BECC4DA59}.Release|Any CPU.ActiveCfg = Release|Any CPU
		{EAE27B41-F3D4-5165-503B-381BECC4DA59}.Release|Any CPU.Build.0 = Release|Any CPU
		{90D2AAAA-6023-5CD6-A44A-AEEEADDB986F}.Debug|Any CPU.ActiveCfg = Debug|Any CPU
		{90D2AAAA-6023-5CD6-A44A-AEEEADDB986F}.Debug|Any CPU.Build.0 = Debug|Any CPU
		{90D2AAAA-6023-5CD6-A44A-AEEEADDB986F}.Release|Any CPU.ActiveCfg = Release|Any CPU
		{90D2AAAA-6023-5CD6-A44A-AEEEADDB986F}.Release|Any CPU.Build.0 = Release|Any CPU
	EndGlobalSection
	GlobalSection(SolutionProperties) = preSolution
		HideSolutionNode = FALSE
	EndGlobalSection
EndGlobal
